{
  "name": "fag-institucional",
  "version": "1.0.0",
  "lockfileVersion": 3,
  "requires": true,
  "packages": {
    "": {
      "name": "fag-institucional",
      "version": "1.0.0",
      "dependencies": {
        "nodemailer": "10.0.8"
      },
      "engines": {
        "node": ">=24"
      }
    },
    "node_modules/nodemailer": {
      "version": "10.0.8",
      "resolved": "https://registry.npmjs.org/nodemailer/-/nodemailer-10.0.8.tgz",
      "integrity": "sha512-uCZ0AtFDI46sHwJ6mhwNuIoA/KiTC0ZCzX7g01941+H9VMIXEiZjtgjQkzoBRTeQba0cIrKfwk31q99PfcIMRw==",
      "license": "MIT-0",
      "engines": {
        "node": ">=20.0.0"
      }
    }
  }
}
